
Microsoft Visual Studio Solution File, Format Version 11.00
# Visual Studio 2010
Project("{FAE04EC0-301F-11D3-BF4B-00C04F79EFBC}") = "JohnJesus.MSMQ.Sender", "JohnJesus.MSMQ.Sender\JohnJesus.MSMQ.Sender.csproj", "{D8540AA7-C392-469C-ACD2-F9BC34D459B8}"
EndProject
Project("{FAE04EC0-301F-11D3-BF4B-00C04F79EFBC}") = "JohnJesus.MSMQ.Common", "JohnJesus.MSMQ.Common\JohnJesus.MSMQ.Common.csproj", "{1497414A-3667-422A-8A1C-5DD9F8AD6EEE}"
EndProject
Project("{FAE04EC0-301F-11D3-BF4B-00C04F79EFBC}") = "JohnJesus.MSMQ.QueueHandler", "JohnJesus.MSMQ.QueueHandler\JohnJesus.MSMQ.QueueHandler.csproj", "{ED48D3DB-B16C-4677-A542-B518C710D6C5}"
EndProject
Global
	GlobalSection(SolutionConfigurationPlatforms) = preSolution
		Debug|Any CPU = Debug|Any CPU
		Debug|Mixed Platforms = Debug|Mixed Platforms
		Debug|x86 = Debug|x86
		Release|Any CPU = Release|Any CPU
		Release|Mixed Platforms = Release|Mixed Platforms
		Release|x86 = Release|x86
	EndGlobalSection
	GlobalSection(ProjectConfigurationPlatforms) = postSolution
		{D8540AA7-C392-469C-ACD2-F9BC34D459B8}.Debug|Any CPU.ActiveCfg = Debug|x86
		{D8540AA7-C392-469C-ACD2-F9BC34D459B8}.Debug|Mixed Platforms.ActiveCfg = Debug|x86
		{D8540AA7-C392-469C-ACD2-F9BC34D459B8}.Debug|Mixed Platforms.Build.0 = Debug|x86
		{D8540AA7-C392-469C-ACD2-F9BC34D459B8}.Debug|x86.ActiveCfg = Debug|x86
		{D8540AA7-C392-469C-ACD2-F9BC34D459B8}.Debug|x86.Build.0 = Debug|x86
		{D8540AA7-C392-469C-ACD2-F9BC34D459B8}.Release|Any CPU.ActiveCfg = Release|x86
		{D8540AA7-C392-469C-ACD2-F9BC34D459B8}.Release|Mixed Platforms.ActiveCfg = Release|x86
		{D8540AA7-C392-469C-ACD2-F9BC34D459B8}.Release|Mixed Platforms.Build.0 = Release|x86
		{D8540AA7-C392-469C-ACD2-F9BC34D459B8}.Release|x86.ActiveCfg = Release|x86
		{D8540AA7-C392-469C-ACD2-F9BC34D459B8}.Release|x86.Build.0 = Release|x86
		{1497414A-3667-422A-8A1C-5DD9F8AD6EEE}.Debug|Any CPU.ActiveCfg = Debug|Any CPU
		{1497414A-3667-422A-8A1C-5DD9F8AD6EEE}.Debug|Any CPU.Build.0 = Debug|Any CPU
		{1497414A-3667-422A-8A1C-5DD9F8AD6EEE}.Debug|Mixed Platforms.ActiveCfg = Debug|Any CPU
		{1497414A-3667-422A-8A1C-5DD9F8AD6EEE}.Debug|Mixed Platforms.Build.0 = Debug|Any CPU
		{1497414A-3667-422A-8A1C-5DD9F8AD6EEE}.Debug|x86.ActiveCfg = Debug|Any CPU
		{1497414A-3667-422A-8A1C-5DD9F8AD6EEE}.Release|Any CPU.ActiveCfg = Release|Any CPU
		{1497414A-3667-422A-8A1C-5DD9F8AD6EEE}.Release|Any CPU.Build.0 = Release|Any CPU
		{1497414A-3667-422A-8A1C-5DD9F8AD6EEE}.Release|Mixed Platforms.ActiveCfg = Release|Any CPU
		{1497414A-3667-422A-8A1C-5DD9F8AD6EEE}.Release|Mixed Platforms.Build.0 = Release|Any CPU
		{1497414A-3667-422A-8A1C-5DD9F8AD6EEE}.Release|x86.ActiveCfg = Release|Any CPU
		{ED48D3DB-B16C-4677-A542-B518C710D6C5}.Debug|Any CPU.ActiveCfg = Debug|x86
		{ED48D3DB-B16C-4677-A542-B518C710D6C5}.Debug|Mixed Platforms.ActiveCfg = Debug|x86
		{ED48D3DB-B16C-4677-A542-B518C710D6C5}.Debug|Mixed Platforms.Build.0 = Debug|x86
		{ED48D3DB-B16C-4677-A542-B518C710D6C5}.Debug|x86.ActiveCfg = Debug|x86
		{ED48D3DB-B16C-4677-A542-B518C710D6C5}.Debug|x86.Build.0 = Debug|x86
		{ED48D3DB-B16C-4677-A542-B518C710D6C5}.Release|Any CPU.ActiveCfg = Release|x86
		{ED48D3DB-B16C-4677-A542-B518C710D6C5}.Release|Mixed Platforms.ActiveCfg = Release|x86
		{ED48D3DB-B16C-4677-A542-B518C710D6C5}.Release|Mixed Platforms.Build.0 = Release|x86
		{ED48D3DB-B16C-4677-A542-B518C710D6C5}.Release|x86.ActiveCfg = Release|x86
		{ED48D3DB-B16C-4677-A542-B518C710D6C5}.Release|x86.Build.0 = Release|x86
	EndGlobalSection
	GlobalSection(SolutionProperties) = preSolution
		HideSolutionNode = FALSE
	EndGlobalSection
EndGlobal
